// !$*UTF8*$!
{
	archiveVersion = 1;
	classes = {
	};
	objectVersion = 50;
	objects = {

/* Begin PBXBuildFile section */
		0670A11524CFB75E00CF0495 /* AppDelegate.m in Sources */ = {isa = PBXBuildFile; fileRef = 0670A11424CFB75E00CF0495 /* AppDelegate.m */; };
		0670A11824CFB75E00CF0495 /* SceneDelegate.m in Sources */ = {isa = PBXBuildFile; fileRef = 0670A11724CFB75E00CF0495 /* SceneDelegate.m */; };
		0670A11B24CFB75E00CF0495 /* ViewController.m in Sources */ = {isa = PBXBuildFile; fileRef = 0670A11A24CFB75E00CF0495 /* ViewController.m */; };
		0670A11E24CFB75E00CF0495 /* Main.storyboard in Resources */ = {isa = PBXBuildFile; fileRef = 0670A11C24CFB75E00CF0495 /* Main.storyboard */; };
		0670A12024CFB76300CF0495 /* Assets.xcassets in Resources */ = {isa = PBXBuildFile; fileRef = 0670A11F24CFB76300CF0495 /* Assets.xcassets */; };
		0670A12324CFB76300CF0495 /* LaunchScreen.storyboard in Resources */ = {isa = PBXBuildFile; fileRef = 0670A12124CFB76300CF0495 /* LaunchScreen.storyboard */; };
		0670A12624CFB76300CF0495 /* main.m in Sources */ = {isa = PBXBuildFile; fileRef = 0670A12524CFB76300CF0495 /* main.m */; };
		0670A13024CFB76300CF0495 /* LHNetWorkingDemoTests.m in Sources */ = {isa = PBXBuildFile; fileRef = 0670A12F24CFB76300CF0495 /* LHNetWorkingDemoTests.m */; };
		0670A13B24CFB76300CF0495 /* LHNetWorkingDemoUITests.m in Sources */ = {isa = PBXBuildFile; fileRef = 0670A13A24CFB76300CF0495 /* LHNetWorkingDemoUITests.m */; };
/* End PBXBuildFile section */

/* Begin PBXContainerItemProxy section */
		0670A12C24CFB76300CF0495 /* PBXContainerItemProxy */ = {
			isa = PBXContainerItemProxy;
			containerPortal = 0670A10824CFB75E00CF0495 /* Project object */;
			proxyType = 1;
			remoteGlobalIDString = 0670A10F24CFB75E00CF0495;
			remoteInfo = LHNetWorkingDemo;
		};
		0670A13724CFB76300CF0495 /* PBXContainerItemProxy */ = {
			isa = PBXContainerItemProxy;
			containerPortal = 0670A10824CFB75E00CF0495 /* Project object */;
			proxyType = 1;
			remoteGlobalIDString = 0670A10F24CFB75E00CF0495;
			remoteInfo = LHNetWorkingDemo;
		};
/* End PBXContainerItemProxy section */

/* Begin PBXFileReference section */
		0670A11024CFB75E00CF0495 /* LHNetWorkingDemo.app */ = {isa = PBXFileReference; explicitFileType = wrapper.application; includeInIndex = 0; path = LHNetWorkingDemo.app; sourceTree = BUILT_PRODUCTS_DIR; };
		0670A11324CFB75E00CF0495 /* AppDelegate.h */ = {isa = PBXFileReference; lastKnownFileType = sourcecode.c.h; path = AppDelegate.h; sourceTree = "<group>"; };
		0670A11424CFB75E00CF0495 /* AppDelegate.m */ = {isa = PBXFileReference; lastKnownFileType = sourcecode.c.objc; path = AppDelegate.m; sourceTree = "<group>"; };
		0670A11624CFB75E00CF0495 /* SceneDelegate.h */ = {isa = PBXFileReference; lastKnownFileType = sourcecode.c.h; path = SceneDelegate.h; sourceTree = "<group>"; };
		0670A11724CFB75E00CF0495 /* SceneDelegate.m */ = {isa = PBXFileReference; lastKnownFileType = sourcecode.c.objc; path = SceneDelegate.m; sourceTree = "<group>"; };
		0670A11924CFB75E00CF0495 /* ViewController.h */ = {isa = PBXFileReference; lastKnownFileType = sourcecode.c.h; path = ViewController.h; sourceTree = "<group>"; };
		0670A11A24CFB75E00CF0495 /* ViewController.m */ = {isa = PBXFileReference; lastKnownFileType = sourcecode.c.objc; path = ViewController.m; sourceTree = "<group>"; };
		0670A11D24CFB75E00CF0495 /* Base */ = {isa = PBXFileReference; lastKnownFileType = file.storyboard; name = Base; path = Base.lproj/Main.storyboard; sourceTree = "<group>"; };
		0670A11F24CFB76300CF0495 /* Assets.xcassets */ = {isa = PBXFileReference; lastKnownFileType = folder.assetcatalog; path = Assets.xcassets; sourceTree = "<group>"; };
		0670A12224CFB76300CF0495 /* Base */ = {isa = PBXFileReference; lastKnownFileType = file.storyboard; name = Base; path = Base.lproj/LaunchScreen.storyboard; sourceTree = "<group>"; };
		0670A12424CFB76300CF0495 /* Info.plist */ = {isa = PBXFileReference; lastKnownFileType = text.plist.xml; path = Info.plist; sourceTree = "<group>"; };
		0670A12524CFB76300CF0495 /* main.m */ = {isa = PBXFileReference; lastKnownFileType = sourcecode.c.objc; path = main.m; sourceTree = "<group>"; };
		0670A12B24CFB76300CF0495 /* LHNetWorkingDemoTests.xctest */ = {isa = PBXFileReference; explicitFileType = wrapper.cfbundle; includeInIndex = 0; path = LHNetWorkingDemoTests.xctest; sourceTree = BUILT_PRODUCTS_DIR; };
		0670A12F24CFB76300CF0495 /* LHNetWorkingDemoTests.m */ = {isa = PBXFileReference; lastKnownFileType = sourcecode.c.objc; path = LHNetWorkingDemoTests.m; sourceTree = "<group>"; };
		0670A13124CFB76300CF0495 /* Info.plist */ = {isa = PBXFileReference; lastKnownFileType = text.plist.xml; path = Info.plist; sourceTree = "<group>"; };
		0670A13624CFB76300CF0495 /* LHNetWorkingDemoUITests.xctest */ = {isa = PBXFileReference; explicitFileType = wrapper.cfbundle; includeInIndex = 0; path = LHNetWorkingDemoUITests.xctest; sourceTree = BUILT_PRODUCTS_DIR; };
		0670A13A24CFB76300CF0495 /* LHNetWorkingDemoUITests.m */ = {isa = PBXFileReference; lastKnownFileType = sourcecode.c.objc; path = LHNetWorkingDemoUITests.m; sourceTree = "<group>"; };
		0670A13C24CFB76300CF0495 /* Info.plist */ = {isa = PBXFileReference; lastKnownFileType = text.plist.xml; path = Info.plist; sourceTree = "<group>"; };
/* End PBXFileReference section */

/* Begin PBXFrameworksBuildPhase section */
		0670A10D24CFB75E00CF0495 /* Frameworks */ = {
			isa = PBXFrameworksBuildPhase;
			buildActionMask = 2147483647;
			files = (
			);
			runOnlyForDeploymentPostprocessing = 0;
		};
		0670A12824CFB76300CF0495 /* Frameworks */ = {
			isa = PBXFrameworksBuildPhase;
			buildActionMask = 2147483647;
			files = (
			);
			runOnlyForDeploymentPostprocessing = 0;
		};
		0670A13324CFB76300CF0495 /* Frameworks */ = {
			isa = PBXFrameworksBuildPhase;
			buildActionMask = 2147483647;
			files = (
			);
			runOnlyForDeploymentPostprocessing = 0;
		};
/* End PBXFrameworksBuildPhase section */

/* Begin PBXGroup section */
		0670A10724CFB75E00CF0495 = {
			isa = PBXGroup;
			children = (
				0670A11224CFB75E00CF0495 /* LHNetWorkingDemo */,
				0670A12E24CFB76300CF0495 /* LHNetWorkingDemoTests */,
				0670A13924CFB76300CF0495 /* LHNetWorkingDemoUITests */,
				0670A11124CFB75E00CF0495 /* Products */,
			);
			sourceTree = "<group>";
		};
		0670A11124CFB75E00CF0495 /* Products */ = {
			isa = PBXGroup;
			children = (
				0670A11024CFB75E00CF0495 /* LHNetWorkingDemo.app */,
				0670A12B24CFB76300CF0495 /* LHNetWorkingDemoTests.xctest */,
				0670A13624CFB76300CF0495 /* LHNetWorkingDemoUITests.xctest */,
			);
			name = Products;
			sourceTree = "<group>";
		};
		0670A11224CFB75E00CF0495 /* LHNetWorkingDemo */ = {
			isa = PBXGroup;
			children = (
				0670A11324CFB75E00CF0495 /* AppDelegate.h */,
				0670A11424CFB75E00CF0495 /* AppDelegate.m */,
				0670A11624CFB75E00CF0495 /* SceneDelegate.h */,
				0670A11724CFB75E00CF0495 /* SceneDelegate.m */,
				0670A11924CFB75E00CF0495 /* ViewController.h */,
				0670A11A24CFB75E00CF0495 /* ViewController.m */,
				0670A11C24CFB75E00CF0495 /* Main.storyboard */,
				0670A11F24CFB76300CF0495 /* Assets.xcassets */,
				0670A12124CFB76300CF0495 /* LaunchScreen.storyboard */,
				0670A12424CFB76300CF0495 /* Info.plist */,
				0670A12524CFB76300CF0495 /* main.m */,
			);
			path = LHNetWorkingDemo;
			sourceTree = "<group>";
		};
		0670A12E24CFB76300CF0495 /* LHNetWorkingDemoTests */ = {
			isa = PBXGroup;
			children = (
				0670A12F24CFB76300CF0495 /* LHNetWorkingDemoTests.m */,
				0670A13124CFB76300CF0495 /* Info.plist */,
			);
			path = LHNetWorkingDemoTests;
			sourceTree = "<group>";
		};
		0670A13924CFB76300CF0495 /* LHNetWorkingDemoUITests */ = {
			isa = PBXGroup;
			children = (
				0670A13A24CFB76300CF0495 /* LHNetWorkingDemoUITests.m */,
				0670A13C24CFB76300CF0495 /* Info.plist */,
			);
			path = LHNetWorkingDemoUITests;
			sourceTree = "<group>";
		};
/* End PBXGroup section */

/* Begin PBXNativeTarget section */
		0670A10F24CFB75E00CF0495 /* LHNetWorkingDemo */ = {
			isa = PBXNativeTarget;
			buildConfigurationList = 0670A13F24CFB76300CF0495 /* Build configuration list for PBXNativeTarget "LHNetWorkingDemo" */;
			buildPhases = (
				0670A10C24CFB75E00CF0495 /* Sources */,
				0670A10D24CFB75E00CF0495 /* Frameworks */,
				0670A10E24CFB75E00CF0495 /* Resources */,
			);
			buildRules = (
			);
			dependencies = (
			);
			name = LHNetWorkingDemo;
			productName = LHNetWorkingDemo;
			productReference = 0670A11024CFB75E00CF0495 /* LHNetWorkingDemo.app */;
			productType = "com.apple.product-type.application";
		};
		0670A12A24CFB76300CF0495 /* LHNetWorkingDemoTests */ = {
			isa = PBXNativeTarget;
			buildConfigurationList = 0670A14224CFB76300CF0495 /* Build configuration list for PBXNativeTarget "LHNetWorkingDemoTests" */;
			buildPhases = (
				0670A12724CFB76300CF0495 /* Sources */,
				0670A12824CFB76300CF0495 /* Frameworks */,
				0670A12924CFB76300CF0495 /* Resources */,
			);
			buildRules = (
			);
			dependencies = (
				0670A12D24CFB76300CF0495 /* PBXTargetDependency */,
			);
			name = LHNetWorkingDemoTests;
			productName = LHNetWorkingDemoTests;
			productReference = 0670A12B24CFB76300CF0495 /* LHNetWorkingDemoTests.xctest */;
			productType = "com.apple.product-type.bundle.unit-test";
		};
		0670A13524CFB76300CF0495 /* LHNetWorkingDemoUITests */ = {
			isa = PBXNativeTarget;
			buildConfigurationList = 0670A14524CFB76300CF0495 /* Build configuration list for PBXNativeTarget "LHNetWorkingDemoUITests" */;
			buildPhases = (
				0670A13224CFB76300CF0495 /* Sources */,
				0670A13324CFB76300CF0495 /* Frameworks */,
				0670A13424CFB76300CF0495 /* Resources */,
			);
			buildRules = (
			);
			dependencies = (
				0670A13824CFB76300CF0495 /* PBXTargetDependency */,
			);
			name = LHNetWorkingDemoUITests;
			productName = LHNetWorkingDemoUITests;
			productReference = 0670A13624CFB76300CF0495 /* LHNetWorkingDemoUITests.xctest */;
			productType = "com.apple.product-type.bundle.ui-testing";
		};
/* End PBXNativeTarget section */

/* Begin PBXProject section */
		0670A10824CFB75E00CF0495 /* Project object */ = {
			isa = PBXProject;
			attributes = {
				LastUpgradeCheck = 1160;
				ORGANIZATIONNAME = Leon;
				TargetAttributes = {
					0670A10F24CFB75E00CF0495 = {
						CreatedOnToolsVersion = 11.6;
					};
					0670A12A24CFB76300CF0495 = {
						CreatedOnToolsVersion = 11.6;
						TestTargetID = 0670A10F24CFB75E00CF0495;
					};
					0670A13524CFB76300CF0495 = {
						CreatedOnToolsVersion = 11.6;
						TestTargetID = 0670A10F24CFB75E00CF0495;
					};
				};
			};
			buildConfigurationList = 0670A10B24CFB75E00CF0495 /* Build configuration list for PBXProject "LHNetWorkingDemo" */;
			compatibilityVersion = "Xcode 9.3";
			developmentRegion = en;
			hasScannedForEncodings = 0;
			knownRegions = (
				en,
				Base,
			);
			mainGroup = 0670A10724CFB75E00CF0495;
			productRefGroup = 0670A11124CFB75E00CF0495 /* Products */;
			projectDirPath = "";
			projectRoot = "";
			targets = (
				0670A10F24CFB75E00CF0495 /* LHNetWorkingDemo */,
				0670A12A24CFB76300CF0495 /* LHNetWorkingDemoTests */,
				0670A13524CFB76300CF0495 /* LHNetWorkingDemoUITests */,
			);
		};
/* End PBXProject section */

/* Begin PBXResourcesBuildPhase section */
		0670A10E24CFB75E00CF0495 /* Resources */ = {
			isa = PBXResourcesBuildPhase;
			buildActionMask = 2147483647;
			files = (
				0670A12324CFB76300CF0495 /* LaunchScreen.storyboard in Resources */,
				0670A12024CFB76300CF0495 /* Assets.xcassets in Resources */,
				0670A11E24CFB75E00CF0495 /* Main.storyboard in Resources */,
			);
			runOnlyForDeploymentPostprocessing = 0;
		};
		0670A12924CFB76300CF0495 /* Resources */ = {
			isa = PBXResourcesBuildPhase;
			buildActionMask = 2147483647;
			files = (
			);
			runOnlyForDeploymentPostprocessing = 0;
		};
		0670A13424CFB76300CF0495 /* Resources */ = {
			isa = PBXResourcesBuildPhase;
			buildActionMask = 2147483647;
			files = (
			);
			runOnlyForDeploymentPostprocessing = 0;
		};
/* End PBXResourcesBuildPhase section */

/* Begin PBXSourcesBuildPhase section */
		0670A10C24CFB75E00CF0495 /* Sources */ = {
			isa = PBXSourcesBuildPhase;
			buildActionMask = 2147483647;
			files = (
				0670A11B24CFB75E00CF0495 /* ViewController.m in Sources */,
				0670A11524CFB75E00CF0495 /* AppDelegate.m in Sources */,
				0670A12624CFB76300CF0495 /* main.m in Sources */,
				0670A11824CFB75E00CF0495 /* SceneDelegate.m in Sources */,
			);
			runOnlyForDeploymentPostprocessing = 0;
		};
		0670A12724CFB76300CF0495 /* Sources */ = {
			isa = PBXSourcesBuildPhase;
			buildActionMask = 2147483647;
			files = (
				0670A13024CFB76300CF0495 /* LHNetWorkingDemoTests.m in Sources */,
			);
			runOnlyForDeploymentPostprocessing = 0;
		};
		0670A13224CFB76300CF0495 /* Sources */ = {
			isa = PBXSourcesBuildPhase;
			buildActionMask = 2147483647;
			files = (
				0670A13B24CFB76300CF0495 /* LHNetWorkingDemoUITests.m in Sources */,
			);
			runOnlyForDeploymentPostprocessing = 0;
		};
/* End PBXSourcesBuildPhase section */

/* Begin PBXTargetDependency section */
		0670A12D24CFB76300CF0495 /* PBXTargetDependency */ = {
			isa = PBXTargetDependency;
			target = 0670A10F24CFB75E00CF0495 /* LHNetWorkingDemo */;
			targetProxy = 0670A12C24CFB76300CF0495 /* PBXContainerItemProxy */;
		};
		0670A13824CFB76300CF0495 /* PBXTargetDependency */ = {
			isa = PBXTargetDependency;
			target = 0670A10F24CFB75E00CF0495 /* LHNetWorkingDemo */;
			targetProxy = 0670A13724CFB76300CF0495 /* PBXContainerItemProxy */;
		};
/* End PBXTargetDependency section */

/* Begin PBXVariantGroup section */
		0670A11C24CFB75E00CF0495 /* Main.storyboard */ = {
			isa = PBXVariantGroup;
			children = (
				0670A11D24CFB75E00CF0495 /* Base */,
			);
			name = Main.storyboard;
			sourceTree = "<group>";
		};
		0670A12124CFB76300CF0495 /* LaunchScreen.storyboard */ = {
			isa = PBXVariantGroup;
			children = (
				0670A12224CFB76300CF0495 /* Base */,
			);
			name = LaunchScreen.storyboard;
			sourceTree = "<group>";
		};
/* End PBXVariantGroup section */

/* Begin XCBuildConfiguration section */
		0670A13D24CFB76300CF0495 /* Debug */ = {
			isa = XCBuildConfiguration;
			buildSettings = {
				ALWAYS_SEARCH_USER_PATHS = NO;
				CLANG_ANALYZER_NONNULL = YES;
				CLANG_ANALYZER_NUMBER_OBJECT_CONVERSION = YES_AGGRESSIVE;
				CLANG_CXX_LANGUAGE_STANDARD = "gnu++14";
				CLANG_CXX_LIBRARY = "libc++";
				CLANG_ENABLE_MODULES = YES;
				CLANG_ENABLE_OBJC_ARC = YES;
				CLANG_ENABLE_OBJC_WEAK = YES;
				CLANG_WARN_BLOCK_CAPTURE_AUTORELEASING = YES;
				CLANG_WARN_BOOL_CONVERSION = YES;
				CLANG_WARN_COMMA = YES;
				CLANG_WARN_CONSTANT_CONVERSION = YES;
				CLANG_WARN_DEPRECATED_OBJC_IMPLEMENTATIONS = YES;
				CLANG_WARN_DIRECT_OBJC_ISA_USAGE = YES_ERROR;
				CLANG_WARN_DOCUMENTATION_COMMENTS = YES;
				CLANG_WARN_EMPTY_BODY = YES;
				CLANG_WARN_ENUM_CONVERSION = YES;
				CLANG_WARN_INFINITE_RECURSION = YES;
				CLANG_WARN_INT_CONVERSION = YES;
				CLANG_WARN_NON_LITERAL_NULL_CONVERSION = YES;
				CLANG_WARN_OBJC_IMPLICIT_RETAIN_SELF = YES;
				CLANG_WARN_OBJC_LITERAL_CONVERSION = YES;
				CLANG_WARN_OBJC_ROOT_CLASS = YES_ERROR;
				CLANG_WARN_RANGE_LOOP_ANALYSIS = YES;
				CLANG_WARN_STRICT_PROTOTYPES = YES;
				CLANG_WARN_SUSPICIOUS_MOVE = YES;
				CLANG_WARN_UNGUARDED_AVAILABILITY = YES_AGGRESSIVE;
				CLANG_WARN_UNREACHABLE_CODE = YES;
				CLANG_WARN__DUPLICATE_METHOD_MATCH = YES;
				COPY_PHASE_STRIP = NO;
				DEBUG_INFORMATION_FORMAT = dwarf;
				ENABLE_STRICT_OBJC_MSGSEND = YES;
				ENABLE_TESTABILITY = YES;
				GCC_C_LANGUAGE_STANDARD = gnu11;
				GCC_DYNAMIC_NO_PIC = NO;
				GCC_NO_COMMON_BLOCKS = YES;
				GCC_OPTIMIZATION_LEVEL = 0;
				GCC_PREPROCESSOR_DEFINITIONS = (
					"DEBUG=1",
					"$(inherited)",
				);
				GCC_WARN_64_TO_32_BIT_CONVERSION = YES;
				GCC_WARN_ABOUT_RETURN_TYPE = YES_ERROR;
				GCC_WARN_UNDECLARED_SELECTOR = YES;
				GCC_WARN_UNINITIALIZED_AUTOS = YES_AGGRESSIVE;
				GCC_WARN_UNUSED_FUNCTION = YES;
				GCC_WARN_UNUSED_VARIABLE = YES;
				IPHONEOS_DEPLOYMENT_TARGET = 13.6;
				MTL_ENABLE_DEBUG_INFO = INCLUDE_SOURCE;
				MTL_FAST_MATH = YES;
				ONLY_ACTIVE_ARCH = YES;
				SDKROOT = iphoneos;
			};
			name = Debug;
		};
		0670A13E24CFB76300CF0495 /* Release */ = {
			isa = XCBuildConfiguration;
			buildSettings = {
				ALWAYS_SEARCH_USER_PATHS = NO;
				CLANG_ANALYZER_NONNULL = YES;
				CLANG_ANALYZER_NUMBER_OBJECT_CONVERSION = YES_AGGRESSIVE;
				CLANG_CXX_LANGUAGE_STANDARD = "gnu++14";
				CLANG_CXX_LIBRARY = "libc++";
				CLANG_ENABLE_MODULES = YES;
				CLANG_ENABLE_OBJC_ARC = YES;
				CLANG_ENABLE_OBJC_WEAK = YES;
				CLANG_WARN_BLOCK_CAPTURE_AUTORELEASING = YES;
				CLANG_WARN_BOOL_CONVERSION = YES;
				CLANG_WARN_COMMA = YES;
				CLANG_WARN_CONSTANT_CONVERSION = YES;
				CLANG_WARN_DEPRECATED_OBJC_IMPLEMENTATIONS = YES;
				CLANG_WARN_DIRECT_OBJC_ISA_USAGE = YES_ERROR;
				CLANG_WARN_DOCUMENTATION_COMMENTS = YES;
				CLANG_WARN_EMPTY_BODY = YES;
				CLANG_WARN_ENUM_CONVERSION = YES;
				CLANG_WARN_INFINITE_RECURSION = YES;
				CLANG_WARN_INT_CONVERSION = YES;
				CLANG_WARN_NON_LITERAL_NULL_CONVERSION = YES;
				CLANG_WARN_OBJC_IMPLICIT_RETAIN_SELF = YES;
				CLANG_WARN_OBJC_LITERAL_CONVERSION = YES;
				CLANG_WARN_OBJC_ROOT_CLASS = YES_ERROR;
				CLANG_WARN_RANGE_LOOP_ANALYSIS = YES;
				CLANG_WARN_STRICT_PROTOTYPES = YES;
				CLANG_WARN_SUSPICIOUS_MOVE = YES;
				CLANG_WARN_UNGUARDED_AVAILABILITY = YES_AGGRESSIVE;
				CLANG_WARN_UNREACHABLE_CODE = YES;
				CLANG_WARN__DUPLICATE_METHOD_MATCH = YES;
				COPY_PHASE_STRIP = NO;
				DEBUG_INFORMATION_FORMAT = "dwarf-with-dsym";
				ENABLE_NS_ASSERTIONS = NO;
				ENABLE_STRICT_OBJC_MSGSEND = YES;
				GCC_C_LANGUAGE_STANDARD = gnu11;
				GCC_NO_COMMON_BLOCKS = YES;
				GCC_WARN_64_TO_32_BIT_CONVERSION = YES;
				GCC_WARN_ABOUT_RETURN_TYPE = YES_ERROR;
				GCC_WARN_UNDECLARED_SELECTOR = YES;
				GCC_WARN_UNINITIALIZED_AUTOS = YES_AGGRESSIVE;
				GCC_WARN_UNUSED_FUNCTION = YES;
				GCC_WARN_UNUSED_VARIABLE = YES;
				IPHONEOS_DEPLOYMENT_TARGET = 13.6;
				MTL_ENABLE_DEBUG_INFO = NO;
				MTL_FAST_MATH = YES;
				SDKROOT = iphoneos;
				VALIDATE_PRODUCT = YES;
			};
			name = Release;
		};
		0670A14024CFB76300CF0495 /* Debug */ = {
			isa = XCBuildConfiguration;
			buildSettings = {
				ASSETCATALOG_COMPILER_APPICON_NAME = AppIcon;
				CODE_SIGN_STYLE = Automatic;
				INFOPLIST_FILE = LHNetWorkingDemo/Info.plist;
				LD_RUNPATH_SEARCH_PATHS = (
					"$(inherited)",
					"@executable_path/Frameworks",
				);
				PRODUCT_BUNDLE_IDENTIFIER = xxx.leon.com.LHNetWorkingDemo;
				PRODUCT_NAME = "$(TARGET_NAME)";
				TARGETED_DEVICE_FAMILY = "1,2";
			};
			name = Debug;
		};
		0670A14124CFB76300CF0495 /* Release */ = {
			isa = XCBuildConfiguration;
			buildSettings = {
				ASSETCATALOG_COMPILER_APPICON_NAME = AppIcon;
				CODE_SIGN_STYLE = Automatic;
				INFOPLIST_FILE = LHNetWorkingDemo/Info.plist;
				LD_RUNPATH_SEARCH_PATHS = (
					"$(inherited)",
					"@executable_path/Frameworks",
				);
				PRODUCT_BUNDLE_IDENTIFIER = xxx.leon.com.LHNetWorkingDemo;
				PRODUCT_NAME = "$(TARGET_NAME)";
				TARGETED_DEVICE_FAMILY = "1,2";
			};
			name = Release;
		};
		0670A14324CFB76300CF0495 /* Debug */ = {
			isa = XCBuildConfiguration;
			buildSettings = {
				BUNDLE_LOADER = "$(TEST_HOST)";
				CODE_SIGN_STYLE = Automatic;
				INFOPLIST_FILE = LHNetWorkingDemoTests/Info.plist;
				IPHONEOS_DEPLOYMENT_TARGET = 13.6;
				LD_RUNPATH_SEARCH_PATHS = (
					"$(inherited)",
					"@executable_path/Frameworks",
					"@loader_path/Frameworks",
				);
				PRODUCT_BUNDLE_IDENTIFIER = xxx.leon.com.LHNetWorkingDemoTests;
				PRODUCT_NAME = "$(TARGET_NAME)";
				TARGETED_DEVICE_FAMILY = "1,2";
				TEST_HOST = "$(BUILT_PRODUCTS_DIR)/LHNetWorkingDemo.app/LHNetWorkingDemo";
			};
			name = Debug;
		};
		0670A14424CFB76300CF0495 /* Release */ = {
			isa = XCBuildConfiguration;
			buildSettings = {
				BUNDLE_LOADER = "$(TEST_HOST)";
				CODE_SIGN_STYLE = Automatic;
				INFOPLIST_FILE = LHNetWorkingDemoTests/Info.plist;
				IPHONEOS_DEPLOYMENT_TARGET = 13.6;
				LD_RUNPATH_SEARCH_PATHS = (
					"$(inherited)",
					"@executable_path/Frameworks",
					"@loader_path/Frameworks",
				);
				PRODUCT_BUNDLE_IDENTIFIER = xxx.leon.com.LHNetWorkingDemoTests;
				PRODUCT_NAME = "$(TARGET_NAME)";
				TARGETED_DEVICE_FAMILY = "1,2";
				TEST_HOST = "$(BUILT_PRODUCTS_DIR)/LHNetWorkingDemo.app/LHNetWorkingDemo";
			};
			name = Release;
		};
		0670A14624CFB76300CF0495 /* Debug */ = {
			isa = XCBuildConfiguration;
			buildSettings = {
				CODE_SIGN_STYLE = Automatic;
				INFOPLIST_FILE = LHNetWorkingDemoUITests/Info.plist;
				LD_RUNPATH_SEARCH_PATHS = (
					"$(inherited)",
					"@executable_path/Frameworks",
					"@loader_path/Frameworks",
				);
				PRODUCT_BUNDLE_IDENTIFIER = xxx.leon.com.LHNetWorkingDemoUITests;
				PRODUCT_NAME = "$(TARGET_NAME)";
				TARGETED_DEVICE_FAMILY = "1,2";
				TEST_TARGET_NAME = LHNetWorkingDemo;
			};
			name = Debug;
		};
		0670A14724CFB76300CF0495 /* Release */ = {
			isa = XCBuildConfiguration;
			buildSettings = {
				CODE_SIGN_STYLE = Automatic;
				INFOPLIST_FILE = LHNetWorkingDemoUITests/Info.plist;
				LD_RUNPATH_SEARCH_PATHS = (
					"$(inherited)",
					"@executable_path/Frameworks",
					"@loader_path/Frameworks",
				);
				PRODUCT_BUNDLE_IDENTIFIER = xxx.leon.com.LHNetWorkingDemoUITests;
				PRODUCT_NAME = "$(TARGET_NAME)";
				TARGETED_DEVICE_FAMILY = "1,2";
				TEST_TARGET_NAME = LHNetWorkingDemo;
			};
			name = Release;
		};
/* End XCBuildConfiguration section */

/* Begin XCConfigurationList section */
		0670A10B24CFB75E00CF0495 /* Build configuration list for PBXProject "LHNetWorkingDemo" */ = {
			isa = XCConfigurationList;
			buildConfigurations = (
				0670A13D24CFB76300CF0495 /* Debug */,
				0670A13E24CFB76300CF0495 /* Release */,
			);
			defaultConfigurationIsVisible = 0;
			defaultConfigurationName = Release;
		};
		0670A13F24CFB76300CF0495 /* Build configuration list for PBXNativeTarget "LHNetWorkingDemo" */ = {
			isa = XCConfigurationList;
			buildConfigurations = (
				0670A14024CFB76300CF0495 /* Debug */,
				0670A14124CFB76300CF0495 /* Release */,
			);
			defaultConfigurationIsVisible = 0;
			defaultConfigurationName = Release;
		};
		0670A14224CFB76300CF0495 /* Build configuration list for PBXNativeTarget "LHNetWorkingDemoTests" */ = {
			isa = XCConfigurationList;
			buildConfigurations = (
				0670A14324CFB76300CF0495 /* Debug */,
				0670A14424CFB76300CF0495 /* Release */,
			);
			defaultConfigurationIsVisible = 0;
			defaultConfigurationName = Release;
		};
		0670A14524CFB76300CF0495 /* Build configuration list for PBXNativeTarget "LHNetWorkingDemoUITests" */ = {
			isa = XCConfigurationList;
			buildConfigurations = (
				0670A14624CFB76300CF0495 /* Debug */,
				0670A14724CFB76300CF0495 /* Release */,
			);
			defaultConfigurationIsVisible = 0;
			defaultConfigurationName = Release;
		};
/* End XCConfigurationList section */
	};
	rootObject = 0670A10824CFB75E00CF0495 /* Project object */;
}
